
Microsoft Visual Studio Solution File, Format Version 12.00
# Visual Studio Version 17
VisualStudioVersion = 17.10.35027.167
MinimumVisualStudioVersion = 10.0.40219.1
Project("{FAE04EC0-301F-11D3-BF4B-00C04F79EFBC}") = "CakeShop", "CakeShop\CakeShop.csproj", "{31A5611B-7B8D-4FE6-B691-B9B816F10A0A}"
EndProject
Global
	GlobalSection(SolutionConfigurationPlatforms) = preSolution
		Debug|Any CPU = Debug|Any CPU
		Release|Any CPU = Release|Any CPU
	EndGlobalSection
	GlobalSection(ProjectConfigurationPlatforms) = postSolution
		{31A5611B-7B8D-4FE6-B691-B9B816F10A0A}.Debug|Any CPU.ActiveCfg = Debug|Any CPU
		{31A5611B-7B8D-4FE6-B691-B9B816F10A0A}.Debug|Any CPU.Build.0 = Debug|Any CPU
		{31A5611B-7B8D-4FE6-B691-B9B816F10A0A}.Release|Any CPU.ActiveCfg = Release|Any CPU
		{31A5611B-7B8D-4FE6-B691-B9B816F10A0A}.Release|Any CPU.Build.0 = Release|Any CPU
	EndGlobalSection
	GlobalSection(SolutionProperties) = preSolution
		HideSolutionNode = FALSE
	EndGlobalSection
	GlobalSection(ExtensibilityGlobals) = postSolution
		SolutionGuid = {23450919-4663-410B-BE05-F10A6C6F1938}
	EndGlobalSection
EndGlobal
